// !$*UTF8*$!
{
	archiveVersion = 1;
	classes = {
	};
	objectVersion = 56;
	objects = {

/* Begin PBXBuildFile section */
		5207EC90294E1739004FE513 /* AppDelegate.swift in Sources */ = {isa = PBXBuildFile; fileRef = 5207EC8F294E1739004FE513 /* AppDelegate.swift */; };
		5207EC92294E1739004FE513 /* Shaders.metal in Sources */ = {isa = PBXBuildFile; fileRef = 5207EC91294E1739004FE513 /* Shaders.metal */; };
		5207EC97294E1739004FE513 /* ViewController.swift in Sources */ = {isa = PBXBuildFile; fileRef = 5207EC96294E1739004FE513 /* ViewController.swift */; };
		5207EC9A294E1739004FE513 /* Main.storyboard in Resources */ = {isa = PBXBuildFile; fileRef = 5207EC98294E1739004FE513 /* Main.storyboard */; };
		5207EC9C294E173A004FE513 /* Assets.xcassets in Resources */ = {isa = PBXBuildFile; fileRef = 5207EC9B294E173A004FE513 /* Assets.xcassets */; };
		5207EC9F294E173A004FE513 /* LaunchScreen.storyboard in Resources */ = {isa = PBXBuildFile; fileRef = 5207EC9D294E173A004FE513 /* LaunchScreen.storyboard */; };
		5207ECA8294E219E004FE513 /* Renderer.swift in Sources */ = {isa = PBXBuildFile; fileRef = 5207ECA7294E219E004FE513 /* Renderer.swift */; };
		5207ECAA294E21E1004FE513 /* TextureController.swift in Sources */ = {isa = PBXBuildFile; fileRef = 5207ECA9294E21E1004FE513 /* TextureController.swift */; };
		5207ECAC294E22A4004FE513 /* RenderPass.swift in Sources */ = {isa = PBXBuildFile; fileRef = 5207ECAB294E22A4004FE513 /* RenderPass.swift */; };
		5207ECAE294E2312004FE513 /* RenderCapturedImagePass.swift in Sources */ = {isa = PBXBuildFile; fileRef = 5207ECAD294E2312004FE513 /* RenderCapturedImagePass.swift */; };
		5207ECB0294E26A0004FE513 /* RenderScreenPass.swift in Sources */ = {isa = PBXBuildFile; fileRef = 5207ECAF294E26A0004FE513 /* RenderScreenPass.swift */; };
		5207ECB2294E29AB004FE513 /* ARScene.swift in Sources */ = {isa = PBXBuildFile; fileRef = 5207ECB1294E29AB004FE513 /* ARScene.swift */; };
		5207ECB4294E2BE2004FE513 /* PostProcessPass.swift in Sources */ = {isa = PBXBuildFile; fileRef = 5207ECB3294E2BE2004FE513 /* PostProcessPass.swift */; };
		52B6B303295041C200D21FB7 /* Geometry.swift in Sources */ = {isa = PBXBuildFile; fileRef = 52B6B302295041C200D21FB7 /* Geometry.swift */; };
		52B6B3072950439900D21FB7 /* Material.swift in Sources */ = {isa = PBXBuildFile; fileRef = 52B6B3062950439900D21FB7 /* Material.swift */; };
		52B6B309295043C500D21FB7 /* Transform.swift in Sources */ = {isa = PBXBuildFile; fileRef = 52B6B308295043C500D21FB7 /* Transform.swift */; };
		52B6B30C295043FF00D21FB7 /* simd_float4x4.swift in Sources */ = {isa = PBXBuildFile; fileRef = 52B6B30B295043FF00D21FB7 /* simd_float4x4.swift */; };
		52B6B30E2950441500D21FB7 /* simd_float4.swift in Sources */ = {isa = PBXBuildFile; fileRef = 52B6B30D2950441500D21FB7 /* simd_float4.swift */; };
		52B6B3102950449A00D21FB7 /* RenderGeometryPass.swift in Sources */ = {isa = PBXBuildFile; fileRef = 52B6B30F2950449A00D21FB7 /* RenderGeometryPass.swift */; };
		52B6B312295044F600D21FB7 /* MTLVertexDescriptor.swift in Sources */ = {isa = PBXBuildFile; fileRef = 52B6B311295044F600D21FB7 /* MTLVertexDescriptor.swift */; };
		52B6B314295061F900D21FB7 /* RenderSkyBoxPass.swift in Sources */ = {isa = PBXBuildFile; fileRef = 52B6B313295061F900D21FB7 /* RenderSkyBoxPass.swift */; };
/* End PBXBuildFile section */

/* Begin PBXFileReference section */
		5207EC8C294E1739004FE513 /* AR_Contents.app */ = {isa = PBXFileReference; explicitFileType = wrapper.application; includeInIndex = 0; path = AR_Contents.app; sourceTree = BUILT_PRODUCTS_DIR; };
		5207EC8F294E1739004FE513 /* AppDelegate.swift */ = {isa = PBXFileReference; lastKnownFileType = sourcecode.swift; path = AppDelegate.swift; sourceTree = "<group>"; };
		5207EC91294E1739004FE513 /* Shaders.metal */ = {isa = PBXFileReference; lastKnownFileType = sourcecode.metal; path = Shaders.metal; sourceTree = "<group>"; };
		5207EC93294E1739004FE513 /* ShaderTypes.h */ = {isa = PBXFileReference; lastKnownFileType = sourcecode.c.h; path = ShaderTypes.h; sourceTree = "<group>"; };
		5207EC96294E1739004FE513 /* ViewController.swift */ = {isa = PBXFileReference; lastKnownFileType = sourcecode.swift; path = ViewController.swift; sourceTree = "<group>"; };
		5207EC99294E1739004FE513 /* Base */ = {isa = PBXFileReference; lastKnownFileType = file.storyboard; name = Base; path = Base.lproj/Main.storyboard; sourceTree = "<group>"; };
		5207EC9B294E173A004FE513 /* Assets.xcassets */ = {isa = PBXFileReference; lastKnownFileType = folder.assetcatalog; path = Assets.xcassets; sourceTree = "<group>"; };
		5207EC9E294E173A004FE513 /* Base */ = {isa = PBXFileReference; lastKnownFileType = file.storyboard; name = Base; path = Base.lproj/LaunchScreen.storyboard; sourceTree = "<group>"; };
		5207ECA0294E173A004FE513 /* AR_Contents-Bridging-Header.h */ = {isa = PBXFileReference; lastKnownFileType = sourcecode.c.h; path = "AR_Contents-Bridging-Header.h"; sourceTree = "<group>"; };
		5207ECA7294E219E004FE513 /* Renderer.swift */ = {isa = PBXFileReference; lastKnownFileType = sourcecode.swift; path = Renderer.swift; sourceTree = "<group>"; };
		5207ECA9294E21E1004FE513 /* TextureController.swift */ = {isa = PBXFileReference; lastKnownFileType = sourcecode.swift; path = TextureController.swift; sourceTree = "<group>"; };
		5207ECAB294E22A4004FE513 /* RenderPass.swift */ = {isa = PBXFileReference; lastKnownFileType = sourcecode.swift; path = RenderPass.swift; sourceTree = "<group>"; };
		5207ECAD294E2312004FE513 /* RenderCapturedImagePass.swift */ = {isa = PBXFileReference; lastKnownFileType = sourcecode.swift; path = RenderCapturedImagePass.swift; sourceTree = "<group>"; };
		5207ECAF294E26A0004FE513 /* RenderScreenPass.swift */ = {isa = PBXFileReference; lastKnownFileType = sourcecode.swift; path = RenderScreenPass.swift; sourceTree = "<group>"; };
		5207ECB1294E29AB004FE513 /* ARScene.swift */ = {isa = PBXFileReference; lastKnownFileType = sourcecode.swift; path = ARScene.swift; sourceTree = "<group>"; };
		5207ECB3294E2BE2004FE513 /* PostProcessPass.swift */ = {isa = PBXFileReference; lastKnownFileType = sourcecode.swift; path = PostProcessPass.swift; sourceTree = "<group>"; };
		52B6B302295041C200D21FB7 /* Geometry.swift */ = {isa = PBXFileReference; lastKnownFileType = sourcecode.swift; path = Geometry.swift; sourceTree = "<group>"; };
		52B6B3062950439900D21FB7 /* Material.swift */ = {isa = PBXFileReference; lastKnownFileType = sourcecode.swift; path = Material.swift; sourceTree = "<group>"; };
		52B6B308295043C500D21FB7 /* Transform.swift */ = {isa = PBXFileReference; lastKnownFileType = sourcecode.swift; path = Transform.swift; sourceTree = "<group>"; };
		52B6B30B295043FF00D21FB7 /* simd_float4x4.swift */ = {isa = PBXFileReference; lastKnownFileType = sourcecode.swift; path = simd_float4x4.swift; sourceTree = "<group>"; };
		52B6B30D2950441500D21FB7 /* simd_float4.swift */ = {isa = PBXFileReference; lastKnownFileType = sourcecode.swift; path = simd_float4.swift; sourceTree = "<group>"; };
		52B6B30F2950449A00D21FB7 /* RenderGeometryPass.swift */ = {isa = PBXFileReference; lastKnownFileType = sourcecode.swift; path = RenderGeometryPass.swift; sourceTree = "<group>"; };
		52B6B311295044F600D21FB7 /* MTLVertexDescriptor.swift */ = {isa = PBXFileReference; lastKnownFileType = sourcecode.swift; path = MTLVertexDescriptor.swift; sourceTree = "<group>"; };
		52B6B313295061F900D21FB7 /* RenderSkyBoxPass.swift */ = {isa = PBXFileReference; lastKnownFileType = sourcecode.swift; path = RenderSkyBoxPass.swift; sourceTree = "<group>"; };
/* End PBXFileReference section */

/* Begin PBXFrameworksBuildPhase section */
		5207EC89294E1739004FE513 /* Frameworks */ = {
			isa = PBXFrameworksBuildPhase;
			buildActionMask = 2147483647;
			files = (
			);
			runOnlyForDeploymentPostprocessing = 0;
		};
/* End PBXFrameworksBuildPhase section */

/* Begin PBXGroup section */
		5207EC83294E1739004FE513 = {
			isa = PBXGroup;
			children = (
				5207EC8E294E1739004FE513 /* AR_Contents */,
				5207EC8D294E1739004FE513 /* Products */,
			);
			sourceTree = "<group>";
		};
		5207EC8D294E1739004FE513 /* Products */ = {
			isa = PBXGroup;
			children = (
				5207EC8C294E1739004FE513 /* AR_Contents.app */,
			);
			name = Products;
			sourceTree = "<group>";
		};
		5207EC8E294E1739004FE513 /* AR_Contents */ = {
			isa = PBXGroup;
			children = (
				5207EC8F294E1739004FE513 /* AppDelegate.swift */,
				5207EC96294E1739004FE513 /* ViewController.swift */,
				5207EC91294E1739004FE513 /* Shaders.metal */,
				5207EC93294E1739004FE513 /* ShaderTypes.h */,
				5207EC98294E1739004FE513 /* Main.storyboard */,
				5207EC9B294E173A004FE513 /* Assets.xcassets */,
				5207EC9D294E173A004FE513 /* LaunchScreen.storyboard */,
				5207ECA0294E173A004FE513 /* AR_Contents-Bridging-Header.h */,
				5207ECA6294E2182004FE513 /* RenderEngine */,
			);
			path = AR_Contents;
			sourceTree = "<group>";
		};
		5207ECA6294E2182004FE513 /* RenderEngine */ = {
			isa = PBXGroup;
			children = (
				52B6B30A295043E100D21FB7 /* Extensions */,
				52B6B3052950423100D21FB7 /* Graphics */,
				5207ECB5294E2C74004FE513 /* RenderPass */,
				5207ECA7294E219E004FE513 /* Renderer.swift */,
				5207ECA9294E21E1004FE513 /* TextureController.swift */,
				5207ECB1294E29AB004FE513 /* ARScene.swift */,
			);
			path = RenderEngine;
			sourceTree = "<group>";
		};
		5207ECB5294E2C74004FE513 /* RenderPass */ = {
			isa = PBXGroup;
			children = (
				5207ECAB294E22A4004FE513 /* RenderPass.swift */,
				5207ECAD294E2312004FE513 /* RenderCapturedImagePass.swift */,
				5207ECAF294E26A0004FE513 /* RenderScreenPass.swift */,
				52B6B30F2950449A00D21FB7 /* RenderGeometryPass.swift */,
				5207ECB3294E2BE2004FE513 /* PostProcessPass.swift */,
				52B6B313295061F900D21FB7 /* RenderSkyBoxPass.swift */,
			);
			path = RenderPass;
			sourceTree = "<group>";
		};
		52B6B3052950423100D21FB7 /* Graphics */ = {
			isa = PBXGroup;
			children = (
				52B6B302295041C200D21FB7 /* Geometry.swift */,
				52B6B3062950439900D21FB7 /* Material.swift */,
				52B6B308295043C500D21FB7 /* Transform.swift */,
			);
			path = Graphics;
			sourceTree = "<group>";
		};
		52B6B30A295043E100D21FB7 /* Extensions */ = {
			isa = PBXGroup;
			children = (
				52B6B30B295043FF00D21FB7 /* simd_float4x4.swift */,
				52B6B30D2950441500D21FB7 /* simd_float4.swift */,
				52B6B311295044F600D21FB7 /* MTLVertexDescriptor.swift */,
			);
			path = Extensions;
			sourceTree = "<group>";
		};
/* End PBXGroup section */

/* Begin PBXNativeTarget section */
		5207EC8B294E1739004FE513 /* AR_Contents */ = {
			isa = PBXNativeTarget;
			buildConfigurationList = 5207ECA3294E173A004FE513 /* Build configuration list for PBXNativeTarget "AR_Contents" */;
			buildPhases = (
				5207EC88294E1739004FE513 /* Sources */,
				5207EC89294E1739004FE513 /* Frameworks */,
				5207EC8A294E1739004FE513 /* Resources */,
			);
			buildRules = (
			);
			dependencies = (
			);
			name = AR_Contents;
			productName = AR_Contents;
			productReference = 5207EC8C294E1739004FE513 /* AR_Contents.app */;
			productType = "com.apple.product-type.application";
		};
/* End PBXNativeTarget section */

/* Begin PBXProject section */
		5207EC84294E1739004FE513 /* Project object */ = {
			isa = PBXProject;
			attributes = {
				BuildIndependentTargetsInParallel = 1;
				LastSwiftUpdateCheck = 1410;
				LastUpgradeCheck = 1410;
				TargetAttributes = {
					5207EC8B294E1739004FE513 = {
						CreatedOnToolsVersion = 14.1;
					};
				};
			};
			buildConfigurationList = 5207EC87294E1739004FE513 /* Build configuration list for PBXProject "AR_Contents" */;
			compatibilityVersion = "Xcode 14.0";
			developmentRegion = en;
			hasScannedForEncodings = 0;
			knownRegions = (
				en,
				Base,
			);
			mainGroup = 5207EC83294E1739004FE513;
			productRefGroup = 5207EC8D294E1739004FE513 /* Products */;
			projectDirPath = "";
			projectRoot = "";
			targets = (
				5207EC8B294E1739004FE513 /* AR_Contents */,
			);
		};
/* End PBXProject section */

/* Begin PBXResourcesBuildPhase section */
		5207EC8A294E1739004FE513 /* Resources */ = {
			isa = PBXResourcesBuildPhase;
			buildActionMask = 2147483647;
			files = (
				5207EC9F294E173A004FE513 /* LaunchScreen.storyboard in Resources */,
				5207EC9C294E173A004FE513 /* Assets.xcassets in Resources */,
				5207EC9A294E1739004FE513 /* Main.storyboard in Resources */,
			);
			runOnlyForDeploymentPostprocessing = 0;
		};
/* End PBXResourcesBuildPhase section */

/* Begin PBXSourcesBuildPhase section */
		5207EC88294E1739004FE513 /* Sources */ = {
			isa = PBXSourcesBuildPhase;
			buildActionMask = 2147483647;
			files = (
				5207ECB0294E26A0004FE513 /* RenderScreenPass.swift in Sources */,
				5207ECAC294E22A4004FE513 /* RenderPass.swift in Sources */,
				5207ECB4294E2BE2004FE513 /* PostProcessPass.swift in Sources */,
				52B6B303295041C200D21FB7 /* Geometry.swift in Sources */,
				52B6B312295044F600D21FB7 /* MTLVertexDescriptor.swift in Sources */,
				52B6B309295043C500D21FB7 /* Transform.swift in Sources */,
				52B6B3072950439900D21FB7 /* Material.swift in Sources */,
				52B6B3102950449A00D21FB7 /* RenderGeometryPass.swift in Sources */,
				5207EC92294E1739004FE513 /* Shaders.metal in Sources */,
				5207ECAE294E2312004FE513 /* RenderCapturedImagePass.swift in Sources */,
				5207EC97294E1739004FE513 /* ViewController.swift in Sources */,
				5207ECB2294E29AB004FE513 /* ARScene.swift in Sources */,
				52B6B314295061F900D21FB7 /* RenderSkyBoxPass.swift in Sources */,
				5207ECAA294E21E1004FE513 /* TextureController.swift in Sources */,
				5207ECA8294E219E004FE513 /* Renderer.swift in Sources */,
				52B6B30E2950441500D21FB7 /* simd_float4.swift in Sources */,
				52B6B30C295043FF00D21FB7 /* simd_float4x4.swift in Sources */,
				5207EC90294E1739004FE513 /* AppDelegate.swift in Sources */,
			);
			runOnlyForDeploymentPostprocessing = 0;
		};
/* End PBXSourcesBuildPhase section */

/* Begin PBXVariantGroup section */
		5207EC98294E1739004FE513 /* Main.storyboard */ = {
			isa = PBXVariantGroup;
			children = (
				5207EC99294E1739004FE513 /* Base */,
			);
			name = Main.storyboard;
			sourceTree = "<group>";
		};
		5207EC9D294E173A004FE513 /* LaunchScreen.storyboard */ = {
			isa = PBXVariantGroup;
			children = (
				5207EC9E294E173A004FE513 /* Base */,
			);
			name = LaunchScreen.storyboard;
			sourceTree = "<group>";
		};
/* End PBXVariantGroup section */

/* Begin XCBuildConfiguration section */
		5207ECA1294E173A004FE513 /* Debug */ = {
			isa = XCBuildConfiguration;
			buildSettings = {
				ALWAYS_SEARCH_USER_PATHS = NO;
				CLANG_ANALYZER_NONNULL = YES;
				CLANG_ANALYZER_NUMBER_OBJECT_CONVERSION = YES_AGGRESSIVE;
				CLANG_CXX_LANGUAGE_STANDARD = "gnu++20";
				CLANG_ENABLE_MODULES = YES;
				CLANG_ENABLE_OBJC_ARC = YES;
				CLANG_ENABLE_OBJC_WEAK = YES;
				CLANG_WARN_BLOCK_CAPTURE_AUTORELEASING = YES;
				CLANG_WARN_BOOL_CONVERSION = YES;
				CLANG_WARN_COMMA = YES;
				CLANG_WARN_CONSTANT_CONVERSION = YES;
				CLANG_WARN_DEPRECATED_OBJC_IMPLEMENTATIONS = YES;
				CLANG_WARN_DIRECT_OBJC_ISA_USAGE = YES_ERROR;
				CLANG_WARN_DOCUMENTATION_COMMENTS = YES;
				CLANG_WARN_EMPTY_BODY = YES;
				CLANG_WARN_ENUM_CONVERSION = YES;
				CLANG_WARN_INFINITE_RECURSION = YES;
				CLANG_WARN_INT_CONVERSION = YES;
				CLANG_WARN_NON_LITERAL_NULL_CONVERSION = YES;
				CLANG_WARN_OBJC_IMPLICIT_RETAIN_SELF = YES;
				CLANG_WARN_OBJC_LITERAL_CONVERSION = YES;
				CLANG_WARN_OBJC_ROOT_CLASS = YES_ERROR;
				CLANG_WARN_QUOTED_INCLUDE_IN_FRAMEWORK_HEADER = YES;
				CLANG_WARN_RANGE_LOOP_ANALYSIS = YES;
				CLANG_WARN_STRICT_PROTOTYPES = YES;
				CLANG_WARN_SUSPICIOUS_MOVE = YES;
				CLANG_WARN_UNGUARDED_AVAILABILITY = YES_AGGRESSIVE;
				CLANG_WARN_UNREACHABLE_CODE = YES;
				CLANG_WARN__DUPLICATE_METHOD_MATCH = YES;
				COPY_PHASE_STRIP = NO;
				DEBUG_INFORMATION_FORMAT = dwarf;
				ENABLE_STRICT_OBJC_MSGSEND = YES;
				ENABLE_TESTABILITY = YES;
				GCC_C_LANGUAGE_STANDARD = gnu11;
				GCC_DYNAMIC_NO_PIC = NO;
				GCC_NO_COMMON_BLOCKS = YES;
				GCC_OPTIMIZATION_LEVEL = 0;
				GCC_PREPROCESSOR_DEFINITIONS = (
					"DEBUG=1",
					"$(inherited)",
				);
				GCC_WARN_64_TO_32_BIT_CONVERSION = YES;
				GCC_WARN_ABOUT_RETURN_TYPE = YES_ERROR;
				GCC_WARN_UNDECLARED_SELECTOR = YES;
				GCC_WARN_UNINITIALIZED_AUTOS = YES_AGGRESSIVE;
				GCC_WARN_UNUSED_FUNCTION = YES;
				GCC_WARN_UNUSED_VARIABLE = YES;
				IPHONEOS_DEPLOYMENT_TARGET = 16.1;
				MTL_ENABLE_DEBUG_INFO = INCLUDE_SOURCE;
				MTL_FAST_MATH = YES;
				ONLY_ACTIVE_ARCH = YES;
				SDKROOT = iphoneos;
				SWIFT_ACTIVE_COMPILATION_CONDITIONS = DEBUG;
				SWIFT_OPTIMIZATION_LEVEL = "-Onone";
			};
			name = Debug;
		};
		5207ECA2294E173A004FE513 /* Release */ = {
			isa = XCBuildConfiguration;
			buildSettings = {
				ALWAYS_SEARCH_USER_PATHS = NO;
				CLANG_ANALYZER_NONNULL = YES;
				CLANG_ANALYZER_NUMBER_OBJECT_CONVERSION = YES_AGGRESSIVE;
				CLANG_CXX_LANGUAGE_STANDARD = "gnu++20";
				CLANG_ENABLE_MODULES = YES;
				CLANG_ENABLE_OBJC_ARC = YES;
				CLANG_ENABLE_OBJC_WEAK = YES;
				CLANG_WARN_BLOCK_CAPTURE_AUTORELEASING = YES;
				CLANG_WARN_BOOL_CONVERSION = YES;
				CLANG_WARN_COMMA = YES;
				CLANG_WARN_CONSTANT_CONVERSION = YES;
				CLANG_WARN_DEPRECATED_OBJC_IMPLEMENTATIONS = YES;
				CLANG_WARN_DIRECT_OBJC_ISA_USAGE = YES_ERROR;
				CLANG_WARN_DOCUMENTATION_COMMENTS = YES;
				CLANG_WARN_EMPTY_BODY = YES;
				CLANG_WARN_ENUM_CONVERSION = YES;
				CLANG_WARN_INFINITE_RECURSION = YES;
				CLANG_WARN_INT_CONVERSION = YES;
				CLANG_WARN_NON_LITERAL_NULL_CONVERSION = YES;
				CLANG_WARN_OBJC_IMPLICIT_RETAIN_SELF = YES;
				CLANG_WARN_OBJC_LITERAL_CONVERSION = YES;
				CLANG_WARN_OBJC_ROOT_CLASS = YES_ERROR;
				CLANG_WARN_QUOTED_INCLUDE_IN_FRAMEWORK_HEADER = YES;
				CLANG_WARN_RANGE_LOOP_ANALYSIS = YES;
				CLANG_WARN_STRICT_PROTOTYPES = YES;
				CLANG_WARN_SUSPICIOUS_MOVE = YES;
				CLANG_WARN_UNGUARDED_AVAILABILITY = YES_AGGRESSIVE;
				CLANG_WARN_UNREACHABLE_CODE = YES;
				CLANG_WARN__DUPLICATE_METHOD_MATCH = YES;
				COPY_PHASE_STRIP = NO;
				DEBUG_INFORMATION_FORMAT = "dwarf-with-dsym";
				ENABLE_NS_ASSERTIONS = NO;
				ENABLE_STRICT_OBJC_MSGSEND = YES;
				GCC_C_LANGUAGE_STANDARD = gnu11;
				GCC_NO_COMMON_BLOCKS = YES;
				GCC_WARN_64_TO_32_BIT_CONVERSION = YES;
				GCC_WARN_ABOUT_RETURN_TYPE = YES_ERROR;
				GCC_WARN_UNDECLARED_SELECTOR = YES;
				GCC_WARN_UNINITIALIZED_AUTOS = YES_AGGRESSIVE;
				GCC_WARN_UNUSED_FUNCTION = YES;
				GCC_WARN_UNUSED_VARIABLE = YES;
				IPHONEOS_DEPLOYMENT_TARGET = 16.1;
				MTL_ENABLE_DEBUG_INFO = NO;
				MTL_FAST_MATH = YES;
				SDKROOT = iphoneos;
				SWIFT_COMPILATION_MODE = wholemodule;
				SWIFT_OPTIMIZATION_LEVEL = "-O";
				VALIDATE_PRODUCT = YES;
			};
			name = Release;
		};
		5207ECA4294E173A004FE513 /* Debug */ = {
			isa = XCBuildConfiguration;
			buildSettings = {
				ASSETCATALOG_COMPILER_APPICON_NAME = AppIcon;
				ASSETCATALOG_COMPILER_GLOBAL_ACCENT_COLOR_NAME = AccentColor;
				CODE_SIGN_STYLE = Automatic;
				CURRENT_PROJECT_VERSION = 1;
				DEVELOPMENT_TEAM = 8XX4TJCXSB;
				GENERATE_INFOPLIST_FILE = YES;
				INFOPLIST_KEY_NSCameraUsageDescription = "";
				INFOPLIST_KEY_UIApplicationSupportsIndirectInputEvents = YES;
				INFOPLIST_KEY_UILaunchStoryboardName = LaunchScreen;
				INFOPLIST_KEY_UIMainStoryboardFile = Main;
				INFOPLIST_KEY_UIRequiredDeviceCapabilities = "arkit metal";
				INFOPLIST_KEY_UIRequiresFullScreen = YES;
				INFOPLIST_KEY_UIStatusBarHidden = YES;
				INFOPLIST_KEY_UISupportedInterfaceOrientations = UIInterfaceOrientationPortrait;
				LD_RUNPATH_SEARCH_PATHS = (
					"$(inherited)",
					"@executable_path/Frameworks",
				);
				MARKETING_VERSION = 1.0;
				PRODUCT_BUNDLE_IDENTIFIER = "sasagawa.AR-Contents";
				PRODUCT_NAME = "$(TARGET_NAME)";
				SWIFT_EMIT_LOC_STRINGS = YES;
				SWIFT_OBJC_BRIDGING_HEADER = "AR_Contents/AR_Contents-Bridging-Header.h";
				SWIFT_VERSION = 5.0;
				TARGETED_DEVICE_FAMILY = "1,2";
			};
			name = Debug;
		};
		5207ECA5294E173A004FE513 /* Release */ = {
			isa = XCBuildConfiguration;
			buildSettings = {
				ASSETCATALOG_COMPILER_APPICON_NAME = AppIcon;
				ASSETCATALOG_COMPILER_GLOBAL_ACCENT_COLOR_NAME = AccentColor;
				CODE_SIGN_STYLE = Automatic;
				CURRENT_PROJECT_VERSION = 1;
				DEVELOPMENT_TEAM = 8XX4TJCXSB;
				GENERATE_INFOPLIST_FILE = YES;
				INFOPLIST_KEY_NSCameraUsageDescription = "";
				INFOPLIST_KEY_UIApplicationSupportsIndirectInputEvents = YES;
				INFOPLIST_KEY_UILaunchStoryboardName = LaunchScreen;
				INFOPLIST_KEY_UIMainStoryboardFile = Main;
				INFOPLIST_KEY_UIRequiredDeviceCapabilities = "arkit metal";
				INFOPLIST_KEY_UIRequiresFullScreen = YES;
				INFOPLIST_KEY_UIStatusBarHidden = YES;
				INFOPLIST_KEY_UISupportedInterfaceOrientations = UIInterfaceOrientationPortrait;
				LD_RUNPATH_SEARCH_PATHS = (
					"$(inherited)",
					"@executable_path/Frameworks",
				);
				MARKETING_VERSION = 1.0;
				PRODUCT_BUNDLE_IDENTIFIER = "sasagawa.AR-Contents";
				PRODUCT_NAME = "$(TARGET_NAME)";
				SWIFT_EMIT_LOC_STRINGS = YES;
				SWIFT_OBJC_BRIDGING_HEADER = "AR_Contents/AR_Contents-Bridging-Header.h";
				SWIFT_VERSION = 5.0;
				TARGETED_DEVICE_FAMILY = "1,2";
			};
			name = Release;
		};
/* End XCBuildConfiguration section */

/* Begin XCConfigurationList section */
		5207EC87294E1739004FE513 /* Build configuration list for PBXProject "AR_Contents" */ = {
			isa = XCConfigurationList;
			buildConfigurations = (
				5207ECA1294E173A004FE513 /* Debug */,
				5207ECA2294E173A004FE513 /* Release */,
			);
			defaultConfigurationIsVisible = 0;
			defaultConfigurationName = Release;
		};
		5207ECA3294E173A004FE513 /* Build configuration list for PBXNativeTarget "AR_Contents" */ = {
			isa = XCConfigurationList;
			buildConfigurations = (
				5207ECA4294E173A004FE513 /* Debug */,
				5207ECA5294E173A004FE513 /* Release */,
			);
			defaultConfigurationIsVisible = 0;
			defaultConfigurationName = Release;
		};
/* End XCConfigurationList section */
	};
	rootObject = 5207EC84294E1739004FE513 /* Project object */;
}
